
Microsoft Visual Studio Solution File, Format Version 12.00
# Visual Studio Version 16
VisualStudioVersion = 16.0.31105.61
MinimumVisualStudioVersion = 10.0.40219.1
Project("{9A19103F-16F7-4668-BE54-9A1E7A4F7556}") = "Intelitrader.Comum", "Intelitrader_SENAI\Intelitrader.Comum.csproj", "{C5A7EE00-CD83-4F7C-91F1-A9774354BC5E}"
EndProject
Project("{9A19103F-16F7-4668-BE54-9A1E7A4F7556}") = "Intelitrader.Dominio", "Intelitrader.Dominio\Intelitrader.Dominio.csproj", "{D0CB3C28-4CBF-4329-BDF7-B5F654C01BAF}"
EndProject
Project("{9A19103F-16F7-4668-BE54-9A1E7A4F7556}") = "Intelitrader.Testes", "Intelitrader.Testes\Intelitrader.Testes.csproj", "{8304577D-4A16-4566-B588-BD5995AEACD2}"
EndProject
Project("{FAE04EC0-301F-11D3-BF4B-00C04F79EFBC}") = "Intelitrader.Infa.Data", "Intelitrader.Infa.Data\Intelitrader.Infa.Data.csproj", "{0C36A047-D8B9-4E04-B2BE-A31BF1708D64}"
EndProject
Project("{FAE04EC0-301F-11D3-BF4B-00C04F79EFBC}") = "Intelitrader.Api", "Intelitrader.Api\Intelitrader.Api.csproj", "{700700E7-992A-4972-92B8-7FC9BAB48BC4}"
EndProject
Global
	GlobalSection(SolutionConfigurationPlatforms) = preSolution
		Debug|Any CPU = Debug|Any CPU
		Release|Any CPU = Release|Any CPU
	EndGlobalSection
	GlobalSection(ProjectConfigurationPlatforms) = postSolution
		{C5A7EE00-CD83-4F7C-91F1-A9774354BC5E}.Debug|Any CPU.ActiveCfg = Debug|Any CPU
		{C5A7EE00-CD83-4F7C-91F1-A9774354BC5E}.Debug|Any CPU.Build.0 = Debug|Any CPU
		{C5A7EE00-CD83-4F7C-91F1-A9774354BC5E}.Release|Any CPU.ActiveCfg = Release|Any CPU
		{C5A7EE00-CD83-4F7C-91F1-A9774354BC5E}.Release|Any CPU.Build.0 = Release|Any CPU
		{D0CB3C28-4CBF-4329-BDF7-B5F654C01BAF}.Debug|Any CPU.ActiveCfg = Debug|Any CPU
		{D0CB3C28-4CBF-4329-BDF7-B5F654C01BAF}.Debug|Any CPU.Build.0 = Debug|Any CPU
		{D0CB3C28-4CBF-4329-BDF7-B5F654C01BAF}.Release|Any CPU.ActiveCfg = Release|Any CPU
		{D0CB3C28-4CBF-4329-BDF7-B5F654C01BAF}.Release|Any CPU.Build.0 = Release|Any CPU
		{8304577D-4A16-4566-B588-BD5995AEACD2}.Debug|Any CPU.ActiveCfg = Debug|Any CPU
		{8304577D-4A16-4566-B588-BD5995AEACD2}.Debug|Any CPU.Build.0 = Debug|Any CPU
		{8304577D-4A16-4566-B588-BD5995AEACD2}.Release|Any CPU.ActiveCfg = Release|Any CPU
		{8304577D-4A16-4566-B588-BD5995AEACD2}.Release|Any CPU.Build.0 = Release|Any CPU
		{0C36A047-D8B9-4E04-B2BE-A31BF1708D64}.Debug|Any CPU.ActiveCfg = Debug|Any CPU
		{0C36A047-D8B9-4E04-B2BE-A31BF1708D64}.Debug|Any CPU.Build.0 = Debug|Any CPU
		{0C36A047-D8B9-4E04-B2BE-A31BF1708D64}.Release|Any CPU.ActiveCfg = Release|Any CPU
		{0C36A047-D8B9-4E04-B2BE-A31BF1708D64}.Release|Any CPU.Build.0 = Release|Any CPU
		{700700E7-992A-4972-92B8-7FC9BAB48BC4}.Debug|Any CPU.ActiveCfg = Debug|Any CPU
		{700700E7-992A-4972-92B8-7FC9BAB48BC4}.Debug|Any CPU.Build.0 = Debug|Any CPU
		{700700E7-992A-4972-92B8-7FC9BAB48BC4}.Release|Any CPU.ActiveCfg = Release|Any CPU
		{700700E7-992A-4972-92B8-7FC9BAB48BC4}.Release|Any CPU.Build.0 = Release|Any CPU
	EndGlobalSection
	GlobalSection(SolutionProperties) = preSolution
		HideSolutionNode = FALSE
	EndGlobalSection
	GlobalSection(ExtensibilityGlobals) = postSolution
		SolutionGuid = {8E345014-E9EC-4F52-803B-DC8026581D56}
	EndGlobalSection
EndGlobal
